
Microsoft Visual Studio Solution File, Format Version 12.00
# Visual Studio Version 17
VisualStudioVersion = 17.14.36414.22 d17.14
MinimumVisualStudioVersion = 10.0.40219.1
Project("{FAE04EC0-301F-11D3-BF4B-00C04F79EFBC}") = "MiniWindowsUpdateManager", "MiniWindowsUpdateManager\MiniWindowsUpdateManager.csproj", "{06CA6F34-0273-4E54-B060-D4BCA60F59D8}"
EndProject
Global
	GlobalSection(SolutionConfigurationPlatforms) = preSolution
		Debug|Any CPU = Debug|Any CPU
		Release|Any CPU = Release|Any CPU
	EndGlobalSection
	GlobalSection(ProjectConfigurationPlatforms) = postSolution
		{06CA6F34-0273-4E54-B060-D4BCA60F59D8}.Debug|Any CPU.ActiveCfg = Debug|Any CPU
		{06CA6F34-0273-4E54-B060-D4BCA60F59D8}.Debug|Any CPU.Build.0 = Debug|Any CPU
		{06CA6F34-0273-4E54-B060-D4BCA60F59D8}.Release|Any CPU.ActiveCfg = Release|Any CPU
		{06CA6F34-0273-4E54-B060-D4BCA60F59D8}.Release|Any CPU.Build.0 = Release|Any CPU
	EndGlobalSection
	GlobalSection(SolutionProperties) = preSolution
		HideSolutionNode = FALSE
	EndGlobalSection
	GlobalSection(ExtensibilityGlobals) = postSolution
		SolutionGuid = {466B91EB-BCEB-4906-A7F3-7743F0E13611}
	EndGlobalSection
EndGlobal
